
Microsoft Visual Studio Solution File, Format Version 12.00
# Visual Studio Version 17
VisualStudioVersion = 17.11.35327.3
MinimumVisualStudioVersion = 10.0.40219.1
Project("{FAE04EC0-301F-11D3-BF4B-00C04F79EFBC}") = "ConsoleApp3", "ConsoleApp3\ConsoleApp3.csproj", "{4D0EA755-FB65-44F8-88F4-0EB70C59EEAF}"
EndProject
Project("{FAE04EC0-301F-11D3-BF4B-00C04F79EFBC}") = "ConsoleApp1", "ConsoleApp1\ConsoleApp1.csproj", "{A7661089-7234-464A-B0EB-DB823781BCCB}"
EndProject
Global
	GlobalSection(SolutionConfigurationPlatforms) = preSolution
		Debug|Any CPU = Debug|Any CPU
		Release|Any CPU = Release|Any CPU
	EndGlobalSection
	GlobalSection(ProjectConfigurationPlatforms) = postSolution
		{4D0EA755-FB65-44F8-88F4-0EB70C59EEAF}.Debug|Any CPU.ActiveCfg = Debug|Any CPU
		{4D0EA755-FB65-44F8-88F4-0EB70C59EEAF}.Debug|Any CPU.Build.0 = Debug|Any CPU
		{4D0EA755-FB65-44F8-88F4-0EB70C59EEAF}.Release|Any CPU.ActiveCfg = Release|Any CPU
		{4D0EA755-FB65-44F8-88F4-0EB70C59EEAF}.Release|Any CPU.Build.0 = Release|Any CPU
		{A7661089-7234-464A-B0EB-DB823781BCCB}.Debug|Any CPU.ActiveCfg = Debug|Any CPU
		{A7661089-7234-464A-B0EB-DB823781BCCB}.Debug|Any CPU.Build.0 = Debug|Any CPU
		{A7661089-7234-464A-B0EB-DB823781BCCB}.Release|Any CPU.ActiveCfg = Release|Any CPU
		{A7661089-7234-464A-B0EB-DB823781BCCB}.Release|Any CPU.Build.0 = Release|Any CPU
	EndGlobalSection
	GlobalSection(SolutionProperties) = preSolution
		HideSolutionNode = FALSE
	EndGlobalSection
	GlobalSection(ExtensibilityGlobals) = postSolution
		SolutionGuid = {23FCFCD1-2F93-47F5-BC28-9C249566FE74}
	EndGlobalSection
EndGlobal
